{
  "name": "@moonweave-ai/governance-skills",
  "version": "0.1.0",
  "lockfileVersion": 3,
  "requires": true,
  "packages": {
    "": {
      "name": "@moonweave-ai/governance-skills",
      "version": "0.1.0",
      "license": "MIT",
      "bin": {
        "moonweave-skills": "bin/moonweave-skills.mjs",
        "mw-skills": "bin/moonweave-skills.mjs"
      },
      "engines": {
        "node": ">=20"
      }
    }
  }
}
